// !$*UTF8*$!
{
	archiveVersion = 1;
	classes = {
	};
	objectVersion = 46;
	objects = {

/* Begin PBXBuildFile section */
		3744D99E159BA36500CC687F /* LARRadarPointCell.m in Sources */ = {isa = PBXBuildFile; fileRef = 3744D99D159BA36500CC687F /* LARRadarPointCell.m */; };
		3744D9A0159BA37B00CC687F /* LARRadarPointCell.xib in Resources */ = {isa = PBXBuildFile; fileRef = 3744D99F159BA37B00CC687F /* LARRadarPointCell.xib */; };
		375C369715E82025008194DA /* PointsTabBarIcon@2x.png in Resources */ = {isa = PBXBuildFile; fileRef = 375C369615E82025008194DA /* PointsTabBarIcon@2x.png */; };
		375C369E15E860C5008194DA /* BlackButton@2x.png in Resources */ = {isa = PBXBuildFile; fileRef = 375C369D15E860C5008194DA /* BlackButton@2x.png */; };
		375C36A015E8A513008194DA /* GrayButton@2x.png in Resources */ = {isa = PBXBuildFile; fileRef = 375C369F15E8A513008194DA /* GrayButton@2x.png */; };
		37B6FDD715E7EB360045F82E /* RadarScreenBackground.png in Resources */ = {isa = PBXBuildFile; fileRef = 37B6FDD615E7EB360045F82E /* RadarScreenBackground.png */; };
		37B6FDDA15E80AFB0045F82E /* PointCellBackground@2x.png in Resources */ = {isa = PBXBuildFile; fileRef = 37B6FDD915E80AFB0045F82E /* PointCellBackground@2x.png */; };
		37B6FDDC15E811990045F82E /* RadarTabIcon@2x.png in Resources */ = {isa = PBXBuildFile; fileRef = 37B6FDDB15E811990045F82E /* RadarTabIcon@2x.png */; };
		37FC6B30159905F9000EF93F /* UIKit.framework in Frameworks */ = {isa = PBXBuildFile; fileRef = 37FC6B2F159905F9000EF93F /* UIKit.framework */; };
		37FC6B32159905F9000EF93F /* Foundation.framework in Frameworks */ = {isa = PBXBuildFile; fileRef = 37FC6B31159905F9000EF93F /* Foundation.framework */; };
		37FC6B34159905F9000EF93F /* CoreGraphics.framework in Frameworks */ = {isa = PBXBuildFile; fileRef = 37FC6B33159905F9000EF93F /* CoreGraphics.framework */; };
		37FC6B36159905F9000EF93F /* CoreData.framework in Frameworks */ = {isa = PBXBuildFile; fileRef = 37FC6B35159905F9000EF93F /* CoreData.framework */; };
		37FC6B3C159905F9000EF93F /* InfoPlist.strings in Resources */ = {isa = PBXBuildFile; fileRef = 37FC6B3A159905F9000EF93F /* InfoPlist.strings */; };
		37FC6B3E159905F9000EF93F /* main.m in Sources */ = {isa = PBXBuildFile; fileRef = 37FC6B3D159905F9000EF93F /* main.m */; };
		37FC6B42159905F9000EF93F /* LARAppDelegate.m in Sources */ = {isa = PBXBuildFile; fileRef = 37FC6B41159905F9000EF93F /* LARAppDelegate.m */; };
		37FC6B45159905F9000EF93F /* LARA.xcdatamodeld in Sources */ = {isa = PBXBuildFile; fileRef = 37FC6B43159905F9000EF93F /* LARA.xcdatamodeld */; };
		37FC6B52159907A5000EF93F /* LARRadarViewController.m in Sources */ = {isa = PBXBuildFile; fileRef = 37FC6B50159907A5000EF93F /* LARRadarViewController.m */; };
		37FC6B53159907A5000EF93F /* LARRadarView.xib in Resources */ = {isa = PBXBuildFile; fileRef = 37FC6B51159907A5000EF93F /* LARRadarView.xib */; };
		37FC6B561599084A000EF93F /* LARRadarPointsViewController.m in Sources */ = {isa = PBXBuildFile; fileRef = 37FC6B551599084A000EF93F /* LARRadarPointsViewController.m */; };
		6F052A2915D379EB00DA9B82 /* LARDisplayObject.m in Sources */ = {isa = PBXBuildFile; fileRef = 6F052A2815D379EB00DA9B82 /* LARDisplayObject.m */; };
		6F052A2D15D37BED00DA9B82 /* LARLocationManager.m in Sources */ = {isa = PBXBuildFile; fileRef = 6F052A2C15D37BED00DA9B82 /* LARLocationManager.m */; };
		6F127FF515D5A2AF00ABC44F /* LARCircleIcon.m in Sources */ = {isa = PBXBuildFile; fileRef = 6F127FF415D5A2AF00ABC44F /* LARCircleIcon.m */; };
		6F2A42A815DC63CD007E9E4F /* LARTriangleIcon.m in Sources */ = {isa = PBXBuildFile; fileRef = 6F2A42A715DC63CD007E9E4F /* LARTriangleIcon.m */; };
		6F2A42AC15DC89B2007E9E4F /* LARCircleForTable.m in Sources */ = {isa = PBXBuildFile; fileRef = 6F2A42AB15DC89B2007E9E4F /* LARCircleForTable.m */; };
		6F2A42B315DCACC0007E9E4F /* TrackedObject.m in Sources */ = {isa = PBXBuildFile; fileRef = 6F2A42B215DCACC0007E9E4F /* TrackedObject.m */; };
		6F30AA2C159ACB220016DF55 /* LARRadarScan.m in Sources */ = {isa = PBXBuildFile; fileRef = 6F30AA2B159ACB220016DF55 /* LARRadarScan.m */; };
		6F30AA2E159ACE460016DF55 /* CoreLocation.framework in Frameworks */ = {isa = PBXBuildFile; fileRef = 6F30AA2D159ACE460016DF55 /* CoreLocation.framework */; };
		6F8571F81599500A0095DFCB /* Radarprac2.png in Resources */ = {isa = PBXBuildFile; fileRef = 6F8571F71599500A0095DFCB /* Radarprac2.png */; };
		6F8B849715DA04F900D3EBAB /* LARSquareIcon.m in Sources */ = {isa = PBXBuildFile; fileRef = 6F8B849615DA04F900D3EBAB /* LARSquareIcon.m */; };
		6FC6AFB215DD7A5700E3CC16 /* LARShapeIcon.m in Sources */ = {isa = PBXBuildFile; fileRef = 6FC6AFB115DD7A5700E3CC16 /* LARShapeIcon.m */; };
		6FF72EA215DC22F40019FC7F /* LARAddPointViewController.m in Sources */ = {isa = PBXBuildFile; fileRef = 6FF72EA015DC22F40019FC7F /* LARAddPointViewController.m */; };
		6FF72EA315DC22F40019FC7F /* LARAddPointViewController.xib in Resources */ = {isa = PBXBuildFile; fileRef = 6FF72EA115DC22F40019FC7F /* LARAddPointViewController.xib */; };
/* End PBXBuildFile section */

/* Begin PBXFileReference section */
		3744D99C159BA36500CC687F /* LARRadarPointCell.h */ = {isa = PBXFileReference; fileEncoding = 4; lastKnownFileType = sourcecode.c.h; path = LARRadarPointCell.h; sourceTree = "<group>"; };
		3744D99D159BA36500CC687F /* LARRadarPointCell.m */ = {isa = PBXFileReference; fileEncoding = 4; lastKnownFileType = sourcecode.c.objc; path = LARRadarPointCell.m; sourceTree = "<group>"; };
		3744D99F159BA37B00CC687F /* LARRadarPointCell.xib */ = {isa = PBXFileReference; fileEncoding = 4; lastKnownFileType = file.xib; path = LARRadarPointCell.xib; sourceTree = "<group>"; };
		375C369615E82025008194DA /* PointsTabBarIcon@2x.png */ = {isa = PBXFileReference; lastKnownFileType = image.png; path = "PointsTabBarIcon@2x.png"; sourceTree = "<group>"; };
		375C369D15E860C5008194DA /* BlackButton@2x.png */ = {isa = PBXFileReference; lastKnownFileType = image.png; path = "BlackButton@2x.png"; sourceTree = "<group>"; };
		375C369F15E8A513008194DA /* GrayButton@2x.png */ = {isa = PBXFileReference; lastKnownFileType = image.png; path = "GrayButton@2x.png"; sourceTree = "<group>"; };
		379C5CD715CF64FD00BF3CAB /* LARA-2.xcdatamodel */ = {isa = PBXFileReference; lastKnownFileType = wrapper.xcdatamodel; path = "LARA-2.xcdatamodel"; sourceTree = "<group>"; };
		37B6FDD615E7EB360045F82E /* RadarScreenBackground.png */ = {isa = PBXFileReference; lastKnownFileType = image.png; path = RadarScreenBackground.png; sourceTree = "<group>"; };
		37B6FDD915E80AFB0045F82E /* PointCellBackground@2x.png */ = {isa = PBXFileReference; lastKnownFileType = image.png; path = "PointCellBackground@2x.png"; sourceTree = "<group>"; };
		37B6FDDB15E811990045F82E /* RadarTabIcon@2x.png */ = {isa = PBXFileReference; lastKnownFileType = image.png; path = "RadarTabIcon@2x.png"; sourceTree = "<group>"; };
		37FC6B2B159905F9000EF93F /* LARA.app */ = {isa = PBXFileReference; explicitFileType = wrapper.application; includeInIndex = 0; path = LARA.app; sourceTree = BUILT_PRODUCTS_DIR; };
		37FC6B2F159905F9000EF93F /* UIKit.framework */ = {isa = PBXFileReference; lastKnownFileType = wrapper.framework; name = UIKit.framework; path = System/Library/Frameworks/UIKit.framework; sourceTree = SDKROOT; };
		37FC6B31159905F9000EF93F /* Foundation.framework */ = {isa = PBXFileReference; lastKnownFileType = wrapper.framework; name = Foundation.framework; path = System/Library/Frameworks/Foundation.framework; sourceTree = SDKROOT; };
		37FC6B33159905F9000EF93F /* CoreGraphics.framework */ = {isa = PBXFileReference; lastKnownFileType = wrapper.framework; name = CoreGraphics.framework; path = System/Library/Frameworks/CoreGraphics.framework; sourceTree = SDKROOT; };
		37FC6B35159905F9000EF93F /* CoreData.framework */ = {isa = PBXFileReference; lastKnownFileType = wrapper.framework; name = CoreData.framework; path = System/Library/Frameworks/CoreData.framework; sourceTree = SDKROOT; };
		37FC6B39159905F9000EF93F /* LARA-Info.plist */ = {isa = PBXFileReference; lastKnownFileType = text.plist.xml; path = "LARA-Info.plist"; sourceTree = "<group>"; };
		37FC6B3B159905F9000EF93F /* en */ = {isa = PBXFileReference; lastKnownFileType = text.plist.strings; name = en; path = en.lproj/InfoPlist.strings; sourceTree = "<group>"; };
		37FC6B3D159905F9000EF93F /* main.m */ = {isa = PBXFileReference; lastKnownFileType = sourcecode.c.objc; path = main.m; sourceTree = "<group>"; };
		37FC6B3F159905F9000EF93F /* LARA-Prefix.pch */ = {isa = PBXFileReference; lastKnownFileType = sourcecode.c.h; path = "LARA-Prefix.pch"; sourceTree = "<group>"; };
		37FC6B40159905F9000EF93F /* LARAppDelegate.h */ = {isa = PBXFileReference; lastKnownFileType = sourcecode.c.h; path = LARAppDelegate.h; sourceTree = "<group>"; };
		37FC6B41159905F9000EF93F /* LARAppDelegate.m */ = {isa = PBXFileReference; lastKnownFileType = sourcecode.c.objc; path = LARAppDelegate.m; sourceTree = "<group>"; };
		37FC6B44159905F9000EF93F /* LARA.xcdatamodel */ = {isa = PBXFileReference; lastKnownFileType = wrapper.xcdatamodel; path = LARA.xcdatamodel; sourceTree = "<group>"; };
		37FC6B4F159907A5000EF93F /* LARRadarViewController.h */ = {isa = PBXFileReference; fileEncoding = 4; lastKnownFileType = sourcecode.c.h; path = LARRadarViewController.h; sourceTree = "<group>"; };
		37FC6B50159907A5000EF93F /* LARRadarViewController.m */ = {isa = PBXFileReference; fileEncoding = 4; lastKnownFileType = sourcecode.c.objc; path = LARRadarViewController.m; sourceTree = "<group>"; };
		37FC6B51159907A5000EF93F /* LARRadarView.xib */ = {isa = PBXFileReference; fileEncoding = 4; lastKnownFileType = file.xib; path = LARRadarView.xib; sourceTree = "<group>"; };
		37FC6B541599084A000EF93F /* LARRadarPointsViewController.h */ = {isa = PBXFileReference; fileEncoding = 4; lastKnownFileType = sourcecode.c.h; path = LARRadarPointsViewController.h; sourceTree = "<group>"; };
		37FC6B551599084A000EF93F /* LARRadarPointsViewController.m */ = {isa = PBXFileReference; fileEncoding = 4; lastKnownFileType = sourcecode.c.objc; path = LARRadarPointsViewController.m; sourceTree = "<group>"; };
		6F052A2715D379EB00DA9B82 /* LARDisplayObject.h */ = {isa = PBXFileReference; fileEncoding = 4; lastKnownFileType = sourcecode.c.h; path = LARDisplayObject.h; sourceTree = "<group>"; };
		6F052A2815D379EB00DA9B82 /* LARDisplayObject.m */ = {isa = PBXFileReference; fileEncoding = 4; lastKnownFileType = sourcecode.c.objc; path = LARDisplayObject.m; sourceTree = "<group>"; };
		6F052A2B15D37BED00DA9B82 /* LARLocationManager.h */ = {isa = PBXFileReference; fileEncoding = 4; lastKnownFileType = sourcecode.c.h; path = LARLocationManager.h; sourceTree = "<group>"; };
		6F052A2C15D37BED00DA9B82 /* LARLocationManager.m */ = {isa = PBXFileReference; fileEncoding = 4; lastKnownFileType = sourcecode.c.objc; path = LARLocationManager.m; sourceTree = "<group>"; };
		6F127FF315D5A2AF00ABC44F /* LARCircleIcon.h */ = {isa = PBXFileReference; fileEncoding = 4; lastKnownFileType = sourcecode.c.h; path = LARCircleIcon.h; sourceTree = "<group>"; };
		6F127FF415D5A2AF00ABC44F /* LARCircleIcon.m */ = {isa = PBXFileReference; fileEncoding = 4; lastKnownFileType = sourcecode.c.objc; path = LARCircleIcon.m; sourceTree = "<group>"; };
		6F2A42A615DC63CD007E9E4F /* LARTriangleIcon.h */ = {isa = PBXFileReference; fileEncoding = 4; lastKnownFileType = sourcecode.c.h; path = LARTriangleIcon.h; sourceTree = "<group>"; };
		6F2A42A715DC63CD007E9E4F /* LARTriangleIcon.m */ = {isa = PBXFileReference; fileEncoding = 4; lastKnownFileType = sourcecode.c.objc; path = LARTriangleIcon.m; sourceTree = "<group>"; };
		6F2A42AA15DC89B2007E9E4F /* LARCircleForTable.h */ = {isa = PBXFileReference; fileEncoding = 4; lastKnownFileType = sourcecode.c.h; path = LARCircleForTable.h; sourceTree = "<group>"; };
		6F2A42AB15DC89B2007E9E4F /* LARCircleForTable.m */ = {isa = PBXFileReference; fileEncoding = 4; lastKnownFileType = sourcecode.c.objc; path = LARCircleForTable.m; sourceTree = "<group>"; };
		6F2A42B115DCACC0007E9E4F /* TrackedObject.h */ = {isa = PBXFileReference; fileEncoding = 4; lastKnownFileType = sourcecode.c.h; path = TrackedObject.h; sourceTree = "<group>"; };
		6F2A42B215DCACC0007E9E4F /* TrackedObject.m */ = {isa = PBXFileReference; fileEncoding = 4; lastKnownFileType = sourcecode.c.objc; path = TrackedObject.m; sourceTree = "<group>"; };
		6F30AA2A159ACB220016DF55 /* LARRadarScan.h */ = {isa = PBXFileReference; fileEncoding = 4; lastKnownFileType = sourcecode.c.h; path = LARRadarScan.h; sourceTree = "<group>"; };
		6F30AA2B159ACB220016DF55 /* LARRadarScan.m */ = {isa = PBXFileReference; fileEncoding = 4; lastKnownFileType = sourcecode.c.objc; path = LARRadarScan.m; sourceTree = "<group>"; };
		6F30AA2D159ACE460016DF55 /* CoreLocation.framework */ = {isa = PBXFileReference; lastKnownFileType = wrapper.framework; name = CoreLocation.framework; path = System/Library/Frameworks/CoreLocation.framework; sourceTree = SDKROOT; };
		6F8571F71599500A0095DFCB /* Radarprac2.png */ = {isa = PBXFileReference; lastKnownFileType = image.png; path = Radarprac2.png; sourceTree = "<group>"; };
		6F8B849515DA04F900D3EBAB /* LARSquareIcon.h */ = {isa = PBXFileReference; fileEncoding = 4; lastKnownFileType = sourcecode.c.h; path = LARSquareIcon.h; sourceTree = "<group>"; };
		6F8B849615DA04F900D3EBAB /* LARSquareIcon.m */ = {isa = PBXFileReference; fileEncoding = 4; lastKnownFileType = sourcecode.c.objc; path = LARSquareIcon.m; sourceTree = "<group>"; };
		6FC6AFB015DD7A5700E3CC16 /* LARShapeIcon.h */ = {isa = PBXFileReference; fileEncoding = 4; lastKnownFileType = sourcecode.c.h; path = LARShapeIcon.h; sourceTree = "<group>"; };
		6FC6AFB115DD7A5700E3CC16 /* LARShapeIcon.m */ = {isa = PBXFileReference; fileEncoding = 4; lastKnownFileType = sourcecode.c.objc; path = LARShapeIcon.m; sourceTree = "<group>"; };
		6FF72E9F15DC22F40019FC7F /* LARAddPointViewController.h */ = {isa = PBXFileReference; fileEncoding = 4; lastKnownFileType = sourcecode.c.h; path = LARAddPointViewController.h; sourceTree = "<group>"; };
		6FF72EA015DC22F40019FC7F /* LARAddPointViewController.m */ = {isa = PBXFileReference; fileEncoding = 4; lastKnownFileType = sourcecode.c.objc; path = LARAddPointViewController.m; sourceTree = "<group>"; };
		6FF72EA115DC22F40019FC7F /* LARAddPointViewController.xib */ = {isa = PBXFileReference; fileEncoding = 4; lastKnownFileType = file.xib; path = LARAddPointViewController.xib; sourceTree = "<group>"; };
/* End PBXFileReference section */

/* Begin PBXFrameworksBuildPhase section */
		37FC6B28159905F9000EF93F /* Frameworks */ = {
			isa = PBXFrameworksBuildPhase;
			buildActionMask = 2147483647;
			files = (
				6F30AA2E159ACE460016DF55 /* CoreLocation.framework in Frameworks */,
				37FC6B30159905F9000EF93F /* UIKit.framework in Frameworks */,
				37FC6B32159905F9000EF93F /* Foundation.framework in Frameworks */,
				37FC6B34159905F9000EF93F /* CoreGraphics.framework in Frameworks */,
				37FC6B36159905F9000EF93F /* CoreData.framework in Frameworks */,
			);
			runOnlyForDeploymentPostprocessing = 0;
		};
/* End PBXFrameworksBuildPhase section */

/* Begin PBXGroup section */
		37FC6B20159905F9000EF93F = {
			isa = PBXGroup;
			children = (
				37FC6B37159905F9000EF93F /* LARA */,
				37FC6B2E159905F9000EF93F /* Frameworks */,
				37FC6B2C159905F9000EF93F /* Products */,
			);
			sourceTree = "<group>";
		};
		37FC6B2C159905F9000EF93F /* Products */ = {
			isa = PBXGroup;
			children = (
				37FC6B2B159905F9000EF93F /* LARA.app */,
			);
			name = Products;
			sourceTree = "<group>";
		};
		37FC6B2E159905F9000EF93F /* Frameworks */ = {
			isa = PBXGroup;
			children = (
				37FC6B2F159905F9000EF93F /* UIKit.framework */,
				37FC6B31159905F9000EF93F /* Foundation.framework */,
				37FC6B33159905F9000EF93F /* CoreGraphics.framework */,
				37FC6B35159905F9000EF93F /* CoreData.framework */,
				6F30AA2D159ACE460016DF55 /* CoreLocation.framework */,
			);
			name = Frameworks;
			sourceTree = "<group>";
		};
		37FC6B37159905F9000EF93F /* LARA */ = {
			isa = PBXGroup;
			children = (
				37FC6B4E159906D3000EF93F /* Delegates */,
				37FC6B4D159906CC000EF93F /* Controllers */,
				37FC6B4C159906C4000EF93F /* Model */,
				37FC6B4B159906BF000EF93F /* Views */,
				37FC6B38159905F9000EF93F /* Supporting Files */,
			);
			path = LARA;
			sourceTree = "<group>";
		};
		37FC6B38159905F9000EF93F /* Supporting Files */ = {
			isa = PBXGroup;
			children = (
				6F8571F315994C060095DFCB /* Images */,
				37FC6B39159905F9000EF93F /* LARA-Info.plist */,
				37FC6B3A159905F9000EF93F /* InfoPlist.strings */,
				37FC6B3D159905F9000EF93F /* main.m */,
				37FC6B3F159905F9000EF93F /* LARA-Prefix.pch */,
			);
			name = "Supporting Files";
			sourceTree = "<group>";
		};
		37FC6B4B159906BF000EF93F /* Views */ = {
			isa = PBXGroup;
			children = (
				37FC6B51159907A5000EF93F /* LARRadarView.xib */,
				3744D99F159BA37B00CC687F /* LARRadarPointCell.xib */,
				6FF72EA115DC22F40019FC7F /* LARAddPointViewController.xib */,
				3744D99C159BA36500CC687F /* LARRadarPointCell.h */,
				3744D99D159BA36500CC687F /* LARRadarPointCell.m */,
				6F2A42AA15DC89B2007E9E4F /* LARCircleForTable.h */,
				6F2A42AB15DC89B2007E9E4F /* LARCircleForTable.m */,
				6FC6AFB015DD7A5700E3CC16 /* LARShapeIcon.h */,
				6FC6AFB115DD7A5700E3CC16 /* LARShapeIcon.m */,
				6F127FF315D5A2AF00ABC44F /* LARCircleIcon.h */,
				6F127FF415D5A2AF00ABC44F /* LARCircleIcon.m */,
				6F8B849515DA04F900D3EBAB /* LARSquareIcon.h */,
				6F8B849615DA04F900D3EBAB /* LARSquareIcon.m */,
				6F2A42A615DC63CD007E9E4F /* LARTriangleIcon.h */,
				6F2A42A715DC63CD007E9E4F /* LARTriangleIcon.m */,
				6F30AA2A159ACB220016DF55 /* LARRadarScan.h */,
				6F30AA2B159ACB220016DF55 /* LARRadarScan.m */,
			);
			name = Views;
			sourceTree = "<group>";
		};
		37FC6B4C159906C4000EF93F /* Model */ = {
			isa = PBXGroup;
			children = (
				37FC6B43159905F9000EF93F /* LARA.xcdatamodeld */,
				6F2A42B115DCACC0007E9E4F /* TrackedObject.h */,
				6F2A42B215DCACC0007E9E4F /* TrackedObject.m */,
				6F052A2B15D37BED00DA9B82 /* LARLocationManager.h */,
				6F052A2C15D37BED00DA9B82 /* LARLocationManager.m */,
			);
			name = Model;
			sourceTree = "<group>";
		};
		37FC6B4D159906CC000EF93F /* Controllers */ = {
			isa = PBXGroup;
			children = (
				37FC6B4F159907A5000EF93F /* LARRadarViewController.h */,
				37FC6B50159907A5000EF93F /* LARRadarViewController.m */,
				37FC6B541599084A000EF93F /* LARRadarPointsViewController.h */,
				37FC6B551599084A000EF93F /* LARRadarPointsViewController.m */,
				6FF72E9F15DC22F40019FC7F /* LARAddPointViewController.h */,
				6FF72EA015DC22F40019FC7F /* LARAddPointViewController.m */,
				6F052A2715D379EB00DA9B82 /* LARDisplayObject.h */,
				6F052A2815D379EB00DA9B82 /* LARDisplayObject.m */,
			);
			name = Controllers;
			sourceTree = "<group>";
		};
		37FC6B4E159906D3000EF93F /* Delegates */ = {
			isa = PBXGroup;
			children = (
				37FC6B40159905F9000EF93F /* LARAppDelegate.h */,
				37FC6B41159905F9000EF93F /* LARAppDelegate.m */,
			);
			name = Delegates;
			sourceTree = "<group>";
		};
		6F8571F315994C060095DFCB /* Images */ = {
			isa = PBXGroup;
			children = (
				375C369F15E8A513008194DA /* GrayButton@2x.png */,
				375C369D15E860C5008194DA /* BlackButton@2x.png */,
				375C369615E82025008194DA /* PointsTabBarIcon@2x.png */,
				37B6FDDB15E811990045F82E /* RadarTabIcon@2x.png */,
				37B6FDD915E80AFB0045F82E /* PointCellBackground@2x.png */,
				37B6FDD615E7EB360045F82E /* RadarScreenBackground.png */,
				6F8571F71599500A0095DFCB /* Radarprac2.png */,
			);
			name = Images;
			sourceTree = "<group>";
		};
/* End PBXGroup section */

/* Begin PBXNativeTarget section */
		37FC6B2A159905F9000EF93F /* LARA */ = {
			isa = PBXNativeTarget;
			buildConfigurationList = 37FC6B48159905F9000EF93F /* Build configuration list for PBXNativeTarget "LARA" */;
			buildPhases = (
				37FC6B27159905F9000EF93F /* Sources */,
				37FC6B28159905F9000EF93F /* Frameworks */,
				37FC6B29159905F9000EF93F /* Resources */,
			);
			buildRules = (
			);
			dependencies = (
			);
			name = LARA;
			productName = LARA;
			productReference = 37FC6B2B159905F9000EF93F /* LARA.app */;
			productType = "com.apple.product-type.application";
		};
/* End PBXNativeTarget section */

/* Begin PBXProject section */
		37FC6B22159905F9000EF93F /* Project object */ = {
			isa = PBXProject;
			attributes = {
				CLASSPREFIX = LAR;
				LastUpgradeCheck = 0430;
				ORGANIZATIONNAME = Endozemedia;
			};
			buildConfigurationList = 37FC6B25159905F9000EF93F /* Build configuration list for PBXProject "LARA" */;
			compatibilityVersion = "Xcode 3.2";
			developmentRegion = English;
			hasScannedForEncodings = 0;
			knownRegions = (
				en,
			);
			mainGroup = 37FC6B20159905F9000EF93F;
			productRefGroup = 37FC6B2C159905F9000EF93F /* Products */;
			projectDirPath = "";
			projectRoot = "";
			targets = (
				37FC6B2A159905F9000EF93F /* LARA */,
			);
		};
/* End PBXProject section */

/* Begin PBXResourcesBuildPhase section */
		37FC6B29159905F9000EF93F /* Resources */ = {
			isa = PBXResourcesBuildPhase;
			buildActionMask = 2147483647;
			files = (
				37FC6B3C159905F9000EF93F /* InfoPlist.strings in Resources */,
				37FC6B53159907A5000EF93F /* LARRadarView.xib in Resources */,
				6F8571F81599500A0095DFCB /* Radarprac2.png in Resources */,
				3744D9A0159BA37B00CC687F /* LARRadarPointCell.xib in Resources */,
				6FF72EA315DC22F40019FC7F /* LARAddPointViewController.xib in Resources */,
				37B6FDD715E7EB360045F82E /* RadarScreenBackground.png in Resources */,
				37B6FDDA15E80AFB0045F82E /* PointCellBackground@2x.png in Resources */,
				37B6FDDC15E811990045F82E /* RadarTabIcon@2x.png in Resources */,
				375C369715E82025008194DA /* PointsTabBarIcon@2x.png in Resources */,
				375C369E15E860C5008194DA /* BlackButton@2x.png in Resources */,
				375C36A015E8A513008194DA /* GrayButton@2x.png in Resources */,
			);
			runOnlyForDeploymentPostprocessing = 0;
		};
/* End PBXResourcesBuildPhase section */

/* Begin PBXSourcesBuildPhase section */
		37FC6B27159905F9000EF93F /* Sources */ = {
			isa = PBXSourcesBuildPhase;
			buildActionMask = 2147483647;
			files = (
				37FC6B3E159905F9000EF93F /* main.m in Sources */,
				37FC6B42159905F9000EF93F /* LARAppDelegate.m in Sources */,
				37FC6B45159905F9000EF93F /* LARA.xcdatamodeld in Sources */,
				37FC6B52159907A5000EF93F /* LARRadarViewController.m in Sources */,
				37FC6B561599084A000EF93F /* LARRadarPointsViewController.m in Sources */,
				6F30AA2C159ACB220016DF55 /* LARRadarScan.m in Sources */,
				3744D99E159BA36500CC687F /* LARRadarPointCell.m in Sources */,
				6F052A2915D379EB00DA9B82 /* LARDisplayObject.m in Sources */,
				6F052A2D15D37BED00DA9B82 /* LARLocationManager.m in Sources */,
				6F127FF515D5A2AF00ABC44F /* LARCircleIcon.m in Sources */,
				6F8B849715DA04F900D3EBAB /* LARSquareIcon.m in Sources */,
				6FF72EA215DC22F40019FC7F /* LARAddPointViewController.m in Sources */,
				6F2A42A815DC63CD007E9E4F /* LARTriangleIcon.m in Sources */,
				6F2A42AC15DC89B2007E9E4F /* LARCircleForTable.m in Sources */,
				6F2A42B315DCACC0007E9E4F /* TrackedObject.m in Sources */,
				6FC6AFB215DD7A5700E3CC16 /* LARShapeIcon.m in Sources */,
			);
			runOnlyForDeploymentPostprocessing = 0;
		};
/* End PBXSourcesBuildPhase section */

/* Begin PBXVariantGroup section */
		37FC6B3A159905F9000EF93F /* InfoPlist.strings */ = {
			isa = PBXVariantGroup;
			children = (
				37FC6B3B159905F9000EF93F /* en */,
			);
			name = InfoPlist.strings;
			sourceTree = "<group>";
		};
/* End PBXVariantGroup section */

/* Begin XCBuildConfiguration section */
		37FC6B46159905F9000EF93F /* Debug */ = {
			isa = XCBuildConfiguration;
			buildSettings = {
				ALWAYS_SEARCH_USER_PATHS = NO;
				ARCHS = "$(ARCHS_STANDARD_32_BIT)";
				CLANG_ENABLE_OBJC_ARC = YES;
				"CODE_SIGN_IDENTITY[sdk=iphoneos*]" = "iPhone Developer";
				COPY_PHASE_STRIP = NO;
				GCC_C_LANGUAGE_STANDARD = gnu99;
				GCC_DYNAMIC_NO_PIC = NO;
				GCC_OPTIMIZATION_LEVEL = 0;
				GCC_PREPROCESSOR_DEFINITIONS = (
					"DEBUG=1",
					"$(inherited)",
				);
				GCC_SYMBOLS_PRIVATE_EXTERN = NO;
				GCC_VERSION = com.apple.compilers.llvm.clang.1_0;
				GCC_WARN_ABOUT_RETURN_TYPE = YES;
				GCC_WARN_UNINITIALIZED_AUTOS = YES;
				GCC_WARN_UNUSED_VARIABLE = YES;
				IPHONEOS_DEPLOYMENT_TARGET = 5.1;
				SDKROOT = iphoneos;
			};
			name = Debug;
		};
		37FC6B47159905F9000EF93F /* Release */ = {
			isa = XCBuildConfiguration;
			buildSettings = {
				ALWAYS_SEARCH_USER_PATHS = NO;
				ARCHS = "$(ARCHS_STANDARD_32_BIT)";
				CLANG_ENABLE_OBJC_ARC = YES;
				"CODE_SIGN_IDENTITY[sdk=iphoneos*]" = "iPhone Developer";
				COPY_PHASE_STRIP = YES;
				GCC_C_LANGUAGE_STANDARD = gnu99;
				GCC_VERSION = com.apple.compilers.llvm.clang.1_0;
				GCC_WARN_ABOUT_RETURN_TYPE = YES;
				GCC_WARN_UNINITIALIZED_AUTOS = YES;
				GCC_WARN_UNUSED_VARIABLE = YES;
				IPHONEOS_DEPLOYMENT_TARGET = 5.1;
				OTHER_CFLAGS = "-DNS_BLOCK_ASSERTIONS=1";
				SDKROOT = iphoneos;
				VALIDATE_PRODUCT = YES;
			};
			name = Release;
		};
		37FC6B49159905F9000EF93F /* Debug */ = {
			isa = XCBuildConfiguration;
			buildSettings = {
				GCC_PRECOMPILE_PREFIX_HEADER = YES;
				GCC_PREFIX_HEADER = "LARA/LARA-Prefix.pch";
				INFOPLIST_FILE = "LARA/LARA-Info.plist";
				IPHONEOS_DEPLOYMENT_TARGET = 5.0;
				PRODUCT_NAME = "$(TARGET_NAME)";
				WRAPPER_EXTENSION = app;
			};
			name = Debug;
		};
		37FC6B4A159905F9000EF93F /* Release */ = {
			isa = XCBuildConfiguration;
			buildSettings = {
				GCC_PRECOMPILE_PREFIX_HEADER = YES;
				GCC_PREFIX_HEADER = "LARA/LARA-Prefix.pch";
				INFOPLIST_FILE = "LARA/LARA-Info.plist";
				IPHONEOS_DEPLOYMENT_TARGET = 5.0;
				PRODUCT_NAME = "$(TARGET_NAME)";
				WRAPPER_EXTENSION = app;
			};
			name = Release;
		};
/* End XCBuildConfiguration section */

/* Begin XCConfigurationList section */
		37FC6B25159905F9000EF93F /* Build configuration list for PBXProject "LARA" */ = {
			isa = XCConfigurationList;
			buildConfigurations = (
				37FC6B46159905F9000EF93F /* Debug */,
				37FC6B47159905F9000EF93F /* Release */,
			);
			defaultConfigurationIsVisible = 0;
			defaultConfigurationName = Release;
		};
		37FC6B48159905F9000EF93F /* Build configuration list for PBXNativeTarget "LARA" */ = {
			isa = XCConfigurationList;
			buildConfigurations = (
				37FC6B49159905F9000EF93F /* Debug */,
				37FC6B4A159905F9000EF93F /* Release */,
			);
			defaultConfigurationIsVisible = 0;
			defaultConfigurationName = Release;
		};
/* End XCConfigurationList section */

/* Begin XCVersionGroup section */
		37FC6B43159905F9000EF93F /* LARA.xcdatamodeld */ = {
			isa = XCVersionGroup;
			children = (
				379C5CD715CF64FD00BF3CAB /* LARA-2.xcdatamodel */,
				37FC6B44159905F9000EF93F /* LARA.xcdatamodel */,
			);
			currentVersion = 379C5CD715CF64FD00BF3CAB /* LARA-2.xcdatamodel */;
			path = LARA.xcdatamodeld;
			sourceTree = "<group>";
			versionGroupType = wrapper.xcdatamodel;
		};
/* End XCVersionGroup section */
	};
	rootObject = 37FC6B22159905F9000EF93F /* Project object */;
}
